
Microsoft Visual Studio Solution File, Format Version 12.00
# Visual Studio Version 17
VisualStudioVersion = 17.1.32319.34
MinimumVisualStudioVersion = 10.0.40219.1
Project("{8BC9CEB8-8B4A-11D0-8D11-00A0C91BC942}") = "C21-Simple-BST", "C21-Simple-BST\C21-Simple-BST.vcxproj", "{636E29D1-C8AF-4279-A9A3-0ABF1CADEA7D}"
EndProject
Global
	GlobalSection(SolutionConfigurationPlatforms) = preSolution
		Debug|x64 = Debug|x64
		Debug|x86 = Debug|x86
		Release|x64 = Release|x64
		Release|x86 = Release|x86
	EndGlobalSection
	GlobalSection(ProjectConfigurationPlatforms) = postSolution
		{636E29D1-C8AF-4279-A9A3-0ABF1CADEA7D}.Debug|x64.ActiveCfg = Debug|x64
		{636E29D1-C8AF-4279-A9A3-0ABF1CADEA7D}.Debug|x64.Build.0 = Debug|x64
		{636E29D1-C8AF-4279-A9A3-0ABF1CADEA7D}.Debug|x86.ActiveCfg = Debug|Win32
		{636E29D1-C8AF-4279-A9A3-0ABF1CADEA7D}.Debug|x86.Build.0 = Debug|Win32
		{636E29D1-C8AF-4279-A9A3-0ABF1CADEA7D}.Release|x64.ActiveCfg = Release|x64
		{636E29D1-C8AF-4279-A9A3-0ABF1CADEA7D}.Release|x64.Build.0 = Release|x64
		{636E29D1-C8AF-4279-A9A3-0ABF1CADEA7D}.Release|x86.ActiveCfg = Release|Win32
		{636E29D1-C8AF-4279-A9A3-0ABF1CADEA7D}.Release|x86.Build.0 = Release|Win32
	EndGlobalSection
	GlobalSection(SolutionProperties) = preSolution
		HideSolutionNode = FALSE
	EndGlobalSection
	GlobalSection(ExtensibilityGlobals) = postSolution
		SolutionGuid = {3EDA106E-1768-4AF1-BA05-72511F8910F8}
	EndGlobalSection
EndGlobal
